// !$*UTF8*$!
{
	archiveVersion = 1;
	classes = {
	};
	objectVersion = 55;
	objects = {

/* Begin PBXBuildFile section */
		291E17692935E98D00FCAAD9 /* GeoCoding.swift in Sources */ = {isa = PBXBuildFile; fileRef = 291E17682935E98D00FCAAD9 /* GeoCoding.swift */; };
		291E176B2935EB2E00FCAAD9 /* LocalName.swift in Sources */ = {isa = PBXBuildFile; fileRef = 291E176A2935EB2E00FCAAD9 /* LocalName.swift */; };
		291E17752936011100FCAAD9 /* GeoRepo.swift in Sources */ = {isa = PBXBuildFile; fileRef = 291E17742936011100FCAAD9 /* GeoRepo.swift */; };
		291E17772936014200FCAAD9 /* RepoFactory.swift in Sources */ = {isa = PBXBuildFile; fileRef = 291E17762936014200FCAAD9 /* RepoFactory.swift */; };
		291E1779293601C600FCAAD9 /* GeoUC.swift in Sources */ = {isa = PBXBuildFile; fileRef = 291E1778293601C600FCAAD9 /* GeoUC.swift */; };
		291E177B2936149E00FCAAD9 /* WeatherModel.swift in Sources */ = {isa = PBXBuildFile; fileRef = 291E177A2936149E00FCAAD9 /* WeatherModel.swift */; };
		291E177D2936FE5100FCAAD9 /* WeatherMainAttrModel.swift in Sources */ = {isa = PBXBuildFile; fileRef = 291E177C2936FE5100FCAAD9 /* WeatherMainAttrModel.swift */; };
		291E177F2937018F00FCAAD9 /* CloudsModel.swift in Sources */ = {isa = PBXBuildFile; fileRef = 291E177E2937018F00FCAAD9 /* CloudsModel.swift */; };
		291E17812937025500FCAAD9 /* WindModel.swift in Sources */ = {isa = PBXBuildFile; fileRef = 291E17802937025500FCAAD9 /* WindModel.swift */; };
		291E17832937037300FCAAD9 /* WeatherInfoModel.swift in Sources */ = {isa = PBXBuildFile; fileRef = 291E17822937037300FCAAD9 /* WeatherInfoModel.swift */; };
		291E1785293705A900FCAAD9 /* RainModel.swift in Sources */ = {isa = PBXBuildFile; fileRef = 291E1784293705A900FCAAD9 /* RainModel.swift */; };
		291E1787293733FB00FCAAD9 /* TopComicRepo.swift in Sources */ = {isa = PBXBuildFile; fileRef = 291E1786293733FB00FCAAD9 /* TopComicRepo.swift */; };
		291E178A2937351D00FCAAD9 /* ObservableExtension.swift in Sources */ = {isa = PBXBuildFile; fileRef = 291E17892937351D00FCAAD9 /* ObservableExtension.swift */; };
		291E178C2937353F00FCAAD9 /* TopComicUc.swift in Sources */ = {isa = PBXBuildFile; fileRef = 291E178B2937353F00FCAAD9 /* TopComicUc.swift */; };
		291E178E2937362D00FCAAD9 /* TopComicRouter.swift in Sources */ = {isa = PBXBuildFile; fileRef = 291E178D2937362D00FCAAD9 /* TopComicRouter.swift */; };
		291E1790293743D400FCAAD9 /* UIColorExtension.swift in Sources */ = {isa = PBXBuildFile; fileRef = 291E178F293743D400FCAAD9 /* UIColorExtension.swift */; };
		291E17922937443C00FCAAD9 /* NibExtension.swift in Sources */ = {isa = PBXBuildFile; fileRef = 291E17912937443C00FCAAD9 /* NibExtension.swift */; };
		297905DD2940862A0052F6BE /* HomeHeaderFooterView.xib in Resources */ = {isa = PBXBuildFile; fileRef = 297905DC2940862A0052F6BE /* HomeHeaderFooterView.xib */; };
		297905DF294086800052F6BE /* HomeHeaderFooterView.swift in Sources */ = {isa = PBXBuildFile; fileRef = 297905DE294086800052F6BE /* HomeHeaderFooterView.swift */; };
		297FFD3129795C1700B8AD9A /* RxDataSources in Frameworks */ = {isa = PBXBuildFile; productRef = 297FFD3029795C1700B8AD9A /* RxDataSources */; };
		297FFD3529795E2400B8AD9A /* ComicBaseView.xib in Resources */ = {isa = PBXBuildFile; fileRef = 297FFD3429795E2400B8AD9A /* ComicBaseView.xib */; };
		297FFD3829795E7500B8AD9A /* SDWebImage in Frameworks */ = {isa = PBXBuildFile; productRef = 297FFD3729795E7500B8AD9A /* SDWebImage */; };
		297FFD3A29795E7500B8AD9A /* SDWebImageMapKit in Frameworks */ = {isa = PBXBuildFile; productRef = 297FFD3929795E7500B8AD9A /* SDWebImageMapKit */; };
		297FFD3C29795E9000B8AD9A /* ComicBaseView.swift in Sources */ = {isa = PBXBuildFile; fileRef = 297FFD3B29795E9000B8AD9A /* ComicBaseView.swift */; };
		297FFD422979649300B8AD9A /* ComicTableViewCell.swift in Sources */ = {isa = PBXBuildFile; fileRef = 297FFD402979649300B8AD9A /* ComicTableViewCell.swift */; };
		297FFD432979649300B8AD9A /* ComicTableViewCell.xib in Resources */ = {isa = PBXBuildFile; fileRef = 297FFD412979649300B8AD9A /* ComicTableViewCell.xib */; };
		297FFD4B2979677A00B8AD9A /* ComicCollectionViewCell.swift in Sources */ = {isa = PBXBuildFile; fileRef = 297FFD492979677A00B8AD9A /* ComicCollectionViewCell.swift */; };
		297FFD4C2979677A00B8AD9A /* ComicCollectionViewCell.xib in Resources */ = {isa = PBXBuildFile; fileRef = 297FFD4A2979677A00B8AD9A /* ComicCollectionViewCell.xib */; };
		297FFD4E29796CD200B8AD9A /* UIViewExtension.swift in Sources */ = {isa = PBXBuildFile; fileRef = 297FFD4D29796CD200B8AD9A /* UIViewExtension.swift */; };
		297FFD542979824C00B8AD9A /* MSPeekCollectionViewDelegateImplementation in Frameworks */ = {isa = PBXBuildFile; productRef = 297FFD532979824C00B8AD9A /* MSPeekCollectionViewDelegateImplementation */; };
		297FFD572979A74600B8AD9A /* TabbarHeaderBaseView.xib in Resources */ = {isa = PBXBuildFile; fileRef = 297FFD562979A74600B8AD9A /* TabbarHeaderBaseView.xib */; };
		297FFD592979A7E000B8AD9A /* TabbarHeaderBaseView.swift in Sources */ = {isa = PBXBuildFile; fileRef = 297FFD582979A7E000B8AD9A /* TabbarHeaderBaseView.swift */; };
		297FFD622979C29300B8AD9A /* BannerTableViewCell.swift in Sources */ = {isa = PBXBuildFile; fileRef = 297FFD602979C29300B8AD9A /* BannerTableViewCell.swift */; };
		297FFD632979C29300B8AD9A /* BannerTableViewCell.xib in Resources */ = {isa = PBXBuildFile; fileRef = 297FFD612979C29300B8AD9A /* BannerTableViewCell.xib */; };
		297FFD672979C55C00B8AD9A /* BannerCollectionViewCell.swift in Sources */ = {isa = PBXBuildFile; fileRef = 297FFD652979C55C00B8AD9A /* BannerCollectionViewCell.swift */; };
		297FFD682979C55C00B8AD9A /* BannerCollectionViewCell.xib in Resources */ = {isa = PBXBuildFile; fileRef = 297FFD662979C55C00B8AD9A /* BannerCollectionViewCell.xib */; };
		29D4B81729781C0E00DE1E91 /* Images.xcassets in Resources */ = {isa = PBXBuildFile; fileRef = 29D4B81629781C0E00DE1E91 /* Images.xcassets */; };
		29D4B81929781C4200DE1E91 /* Colors.xcassets in Resources */ = {isa = PBXBuildFile; fileRef = 29D4B81829781C4200DE1E91 /* Colors.xcassets */; };
		29D508BB28F8EF5B00DD3D32 /* AppDelegate.swift in Sources */ = {isa = PBXBuildFile; fileRef = 29D508BA28F8EF5B00DD3D32 /* AppDelegate.swift */; };
		29D508BF28F8EF5B00DD3D32 /* ViewController.swift in Sources */ = {isa = PBXBuildFile; fileRef = 29D508BE28F8EF5B00DD3D32 /* ViewController.swift */; };
		29D508C228F8EF5B00DD3D32 /* Main.storyboard in Resources */ = {isa = PBXBuildFile; fileRef = 29D508C028F8EF5B00DD3D32 /* Main.storyboard */; };
		29D508C428F8EF5C00DD3D32 /* Assets.xcassets in Resources */ = {isa = PBXBuildFile; fileRef = 29D508C328F8EF5C00DD3D32 /* Assets.xcassets */; };
		29D508C728F8EF5C00DD3D32 /* LaunchScreen.storyboard in Resources */ = {isa = PBXBuildFile; fileRef = 29D508C528F8EF5C00DD3D32 /* LaunchScreen.storyboard */; };
		29D508D228F8EF5C00DD3D32 /* BaseTests.swift in Sources */ = {isa = PBXBuildFile; fileRef = 29D508D128F8EF5C00DD3D32 /* BaseTests.swift */; };
		29D508DC28F8EF5C00DD3D32 /* BaseUITests.swift in Sources */ = {isa = PBXBuildFile; fileRef = 29D508DB28F8EF5C00DD3D32 /* BaseUITests.swift */; };
		29D508DE28F8EF5C00DD3D32 /* BaseUITestsLaunchTests.swift in Sources */ = {isa = PBXBuildFile; fileRef = 29D508DD28F8EF5C00DD3D32 /* BaseUITestsLaunchTests.swift */; };
		29D508EC28F8F09100DD3D32 /* RxCocoa in Frameworks */ = {isa = PBXBuildFile; productRef = 29D508EB28F8F09100DD3D32 /* RxCocoa */; };
		29D508EE28F8F09100DD3D32 /* RxSwift in Frameworks */ = {isa = PBXBuildFile; productRef = 29D508ED28F8F09100DD3D32 /* RxSwift */; };
		29D508F128F8F0BF00DD3D32 /* Alamofire in Frameworks */ = {isa = PBXBuildFile; productRef = 29D508F028F8F0BF00DD3D32 /* Alamofire */; };
		29D508F428F8F5C000DD3D32 /* APIInputBase.swift in Sources */ = {isa = PBXBuildFile; fileRef = 29D508F328F8F5C000DD3D32 /* APIInputBase.swift */; };
		29D508F628F8FA2000DD3D32 /* APIRequest.swift in Sources */ = {isa = PBXBuildFile; fileRef = 29D508F528F8FA2000DD3D32 /* APIRequest.swift */; };
		29D508FE28F91FAF00DD3D32 /* APIError.swift in Sources */ = {isa = PBXBuildFile; fileRef = 29D508FD28F91FAF00DD3D32 /* APIError.swift */; };
		29D5090B28F94EB900DD3D32 /* Constants.swift in Sources */ = {isa = PBXBuildFile; fileRef = 29D5090A28F94EB900DD3D32 /* Constants.swift */; };
		29D5090E28F95B4D00DD3D32 /* BaseViewModel.swift in Sources */ = {isa = PBXBuildFile; fileRef = 29D5090D28F95B4D00DD3D32 /* BaseViewModel.swift */; };
		29D5091028F95B9D00DD3D32 /* BaseViewController.swift in Sources */ = {isa = PBXBuildFile; fileRef = 29D5090F28F95B9D00DD3D32 /* BaseViewController.swift */; };
		29D5091228F95C0400DD3D32 /* BindableType.swift in Sources */ = {isa = PBXBuildFile; fileRef = 29D5091128F95C0400DD3D32 /* BindableType.swift */; };
		29D5092028F960CE00DD3D32 /* Coordinator.swift in Sources */ = {isa = PBXBuildFile; fileRef = 29D5091F28F960CE00DD3D32 /* Coordinator.swift */; };
		29EFDEEB28F9674D0032CF22 /* AppCoordinator.swift in Sources */ = {isa = PBXBuildFile; fileRef = 29EFDEEA28F9674D0032CF22 /* AppCoordinator.swift */; };
		29EFDEF628FA413A0032CF22 /* Localizable.strings in Resources */ = {isa = PBXBuildFile; fileRef = 29EFDEF828FA413A0032CF22 /* Localizable.strings */; };
		29EFDF0228FA42670032CF22 /* GeneratedStrings.swift in Sources */ = {isa = PBXBuildFile; fileRef = 29EFDF0128FA42670032CF22 /* GeneratedStrings.swift */; };
		29EFDF0428FA42710032CF22 /* GeneratedAssets.swift in Sources */ = {isa = PBXBuildFile; fileRef = 29EFDF0328FA42710032CF22 /* GeneratedAssets.swift */; };
		29EFDF0628FA45E20032CF22 /* Swiftgen in Resources */ = {isa = PBXBuildFile; fileRef = 29EFDF0528FA45E20032CF22 /* Swiftgen */; };
		29EFDF1028FA53D50032CF22 /* HomeCoordinator.swift in Sources */ = {isa = PBXBuildFile; fileRef = 29EFDF0B28FA53D50032CF22 /* HomeCoordinator.swift */; };
		29EFDF1128FA53D50032CF22 /* HomeViewController.swift in Sources */ = {isa = PBXBuildFile; fileRef = 29EFDF0C28FA53D50032CF22 /* HomeViewController.swift */; };
		29EFDF1228FA53D50032CF22 /* HomeModel.swift in Sources */ = {isa = PBXBuildFile; fileRef = 29EFDF0D28FA53D50032CF22 /* HomeModel.swift */; };
		29EFDF1328FA53D50032CF22 /* HomeViewModel.swift in Sources */ = {isa = PBXBuildFile; fileRef = 29EFDF0E28FA53D50032CF22 /* HomeViewModel.swift */; };
		29EFDF1428FA53D50032CF22 /* HomeViewController.xib in Resources */ = {isa = PBXBuildFile; fileRef = 29EFDF0F28FA53D50032CF22 /* HomeViewController.xib */; };
		29EFDF1628FA541B0032CF22 /* GeoLocationApiRouter.swift in Sources */ = {isa = PBXBuildFile; fileRef = 29EFDF1528FA541B0032CF22 /* GeoLocationApiRouter.swift */; };
		29F5589A2975026500FE1386 /* SwiftSoup in Frameworks */ = {isa = PBXBuildFile; productRef = 29F558992975026500FE1386 /* SwiftSoup */; };
		29F5589C2975455600FE1386 /* SwiftSoupService.swift in Sources */ = {isa = PBXBuildFile; fileRef = 29F5589B2975455600FE1386 /* SwiftSoupService.swift */; };
		29F5589F29763F7C00FE1386 /* ComicModel.swift in Sources */ = {isa = PBXBuildFile; fileRef = 29F5589E29763F7C00FE1386 /* ComicModel.swift */; };
/* End PBXBuildFile section */

/* Begin PBXContainerItemProxy section */
		29D508CE28F8EF5C00DD3D32 /* PBXContainerItemProxy */ = {
			isa = PBXContainerItemProxy;
			containerPortal = 29D508AF28F8EF5B00DD3D32 /* Project object */;
			proxyType = 1;
			remoteGlobalIDString = 29D508B628F8EF5B00DD3D32;
			remoteInfo = Base;
		};
		29D508D828F8EF5C00DD3D32 /* PBXContainerItemProxy */ = {
			isa = PBXContainerItemProxy;
			containerPortal = 29D508AF28F8EF5B00DD3D32 /* Project object */;
			proxyType = 1;
			remoteGlobalIDString = 29D508B628F8EF5B00DD3D32;
			remoteInfo = Base;
		};
/* End PBXContainerItemProxy section */

/* Begin PBXFileReference section */
		291E17682935E98D00FCAAD9 /* GeoCoding.swift */ = {isa = PBXFileReference; lastKnownFileType = sourcecode.swift; path = GeoCoding.swift; sourceTree = "<group>"; };
		291E176A2935EB2E00FCAAD9 /* LocalName.swift */ = {isa = PBXFileReference; lastKnownFileType = sourcecode.swift; path = LocalName.swift; sourceTree = "<group>"; };
		291E17742936011100FCAAD9 /* GeoRepo.swift */ = {isa = PBXFileReference; lastKnownFileType = sourcecode.swift; path = GeoRepo.swift; sourceTree = "<group>"; };
		291E17762936014200FCAAD9 /* RepoFactory.swift */ = {isa = PBXFileReference; lastKnownFileType = sourcecode.swift; path = RepoFactory.swift; sourceTree = "<group>"; };
		291E1778293601C600FCAAD9 /* GeoUC.swift */ = {isa = PBXFileReference; lastKnownFileType = sourcecode.swift; path = GeoUC.swift; sourceTree = "<group>"; };
		291E177A2936149E00FCAAD9 /* WeatherModel.swift */ = {isa = PBXFileReference; lastKnownFileType = sourcecode.swift; path = WeatherModel.swift; sourceTree = "<group>"; };
		291E177C2936FE5100FCAAD9 /* WeatherMainAttrModel.swift */ = {isa = PBXFileReference; lastKnownFileType = sourcecode.swift; path = WeatherMainAttrModel.swift; sourceTree = "<group>"; };
		291E177E2937018F00FCAAD9 /* CloudsModel.swift */ = {isa = PBXFileReference; lastKnownFileType = sourcecode.swift; path = CloudsModel.swift; sourceTree = "<group>"; };
		291E17802937025500FCAAD9 /* WindModel.swift */ = {isa = PBXFileReference; lastKnownFileType = sourcecode.swift; path = WindModel.swift; sourceTree = "<group>"; };
		291E17822937037300FCAAD9 /* WeatherInfoModel.swift */ = {isa = PBXFileReference; lastKnownFileType = sourcecode.swift; path = WeatherInfoModel.swift; sourceTree = "<group>"; };
		291E1784293705A900FCAAD9 /* RainModel.swift */ = {isa = PBXFileReference; lastKnownFileType = sourcecode.swift; path = RainModel.swift; sourceTree = "<group>"; };
		291E1786293733FB00FCAAD9 /* TopComicRepo.swift */ = {isa = PBXFileReference; lastKnownFileType = sourcecode.swift; path = TopComicRepo.swift; sourceTree = "<group>"; };
		291E17892937351D00FCAAD9 /* ObservableExtension.swift */ = {isa = PBXFileReference; lastKnownFileType = sourcecode.swift; path = ObservableExtension.swift; sourceTree = "<group>"; };
		291E178B2937353F00FCAAD9 /* TopComicUc.swift */ = {isa = PBXFileReference; lastKnownFileType = sourcecode.swift; path = TopComicUc.swift; sourceTree = "<group>"; };
		291E178D2937362D00FCAAD9 /* TopComicRouter.swift */ = {isa = PBXFileReference; lastKnownFileType = sourcecode.swift; path = TopComicRouter.swift; sourceTree = "<group>"; };
		291E178F293743D400FCAAD9 /* UIColorExtension.swift */ = {isa = PBXFileReference; lastKnownFileType = sourcecode.swift; path = UIColorExtension.swift; sourceTree = "<group>"; };
		291E17912937443C00FCAAD9 /* NibExtension.swift */ = {isa = PBXFileReference; lastKnownFileType = sourcecode.swift; path = NibExtension.swift; sourceTree = "<group>"; };
		297905DC2940862A0052F6BE /* HomeHeaderFooterView.xib */ = {isa = PBXFileReference; lastKnownFileType = file.xib; path = HomeHeaderFooterView.xib; sourceTree = "<group>"; };
		297905DE294086800052F6BE /* HomeHeaderFooterView.swift */ = {isa = PBXFileReference; lastKnownFileType = sourcecode.swift; path = HomeHeaderFooterView.swift; sourceTree = "<group>"; };
		297FFD3429795E2400B8AD9A /* ComicBaseView.xib */ = {isa = PBXFileReference; lastKnownFileType = file.xib; path = ComicBaseView.xib; sourceTree = "<group>"; };
		297FFD3B29795E9000B8AD9A /* ComicBaseView.swift */ = {isa = PBXFileReference; lastKnownFileType = sourcecode.swift; path = ComicBaseView.swift; sourceTree = "<group>"; };
		297FFD402979649300B8AD9A /* ComicTableViewCell.swift */ = {isa = PBXFileReference; lastKnownFileType = sourcecode.swift; path = ComicTableViewCell.swift; sourceTree = "<group>"; };
		297FFD412979649300B8AD9A /* ComicTableViewCell.xib */ = {isa = PBXFileReference; lastKnownFileType = file.xib; path = ComicTableViewCell.xib; sourceTree = "<group>"; };
		297FFD492979677A00B8AD9A /* ComicCollectionViewCell.swift */ = {isa = PBXFileReference; lastKnownFileType = sourcecode.swift; path = ComicCollectionViewCell.swift; sourceTree = "<group>"; };
		297FFD4A2979677A00B8AD9A /* ComicCollectionViewCell.xib */ = {isa = PBXFileReference; lastKnownFileType = file.xib; path = ComicCollectionViewCell.xib; sourceTree = "<group>"; };
		297FFD4D29796CD200B8AD9A /* UIViewExtension.swift */ = {isa = PBXFileReference; lastKnownFileType = sourcecode.swift; path = UIViewExtension.swift; sourceTree = "<group>"; };
		297FFD562979A74600B8AD9A /* TabbarHeaderBaseView.xib */ = {isa = PBXFileReference; lastKnownFileType = file.xib; path = TabbarHeaderBaseView.xib; sourceTree = "<group>"; };
		297FFD582979A7E000B8AD9A /* TabbarHeaderBaseView.swift */ = {isa = PBXFileReference; lastKnownFileType = sourcecode.swift; path = TabbarHeaderBaseView.swift; sourceTree = "<group>"; };
		297FFD602979C29300B8AD9A /* BannerTableViewCell.swift */ = {isa = PBXFileReference; lastKnownFileType = sourcecode.swift; path = BannerTableViewCell.swift; sourceTree = "<group>"; };
		297FFD612979C29300B8AD9A /* BannerTableViewCell.xib */ = {isa = PBXFileReference; lastKnownFileType = file.xib; path = BannerTableViewCell.xib; sourceTree = "<group>"; };
		297FFD652979C55C00B8AD9A /* BannerCollectionViewCell.swift */ = {isa = PBXFileReference; lastKnownFileType = sourcecode.swift; path = BannerCollectionViewCell.swift; sourceTree = "<group>"; };
		297FFD662979C55C00B8AD9A /* BannerCollectionViewCell.xib */ = {isa = PBXFileReference; lastKnownFileType = file.xib; path = BannerCollectionViewCell.xib; sourceTree = "<group>"; };
		29D4B81629781C0E00DE1E91 /* Images.xcassets */ = {isa = PBXFileReference; lastKnownFileType = folder.assetcatalog; path = Images.xcassets; sourceTree = "<group>"; };
		29D4B81829781C4200DE1E91 /* Colors.xcassets */ = {isa = PBXFileReference; lastKnownFileType = folder.assetcatalog; path = Colors.xcassets; sourceTree = "<group>"; };
		29D508B728F8EF5B00DD3D32 /* Base.app */ = {isa = PBXFileReference; explicitFileType = wrapper.application; includeInIndex = 0; path = Base.app; sourceTree = BUILT_PRODUCTS_DIR; };
		29D508BA28F8EF5B00DD3D32 /* AppDelegate.swift */ = {isa = PBXFileReference; lastKnownFileType = sourcecode.swift; path = AppDelegate.swift; sourceTree = "<group>"; };
		29D508BE28F8EF5B00DD3D32 /* ViewController.swift */ = {isa = PBXFileReference; lastKnownFileType = sourcecode.swift; path = ViewController.swift; sourceTree = "<group>"; };
		29D508C128F8EF5B00DD3D32 /* Base */ = {isa = PBXFileReference; lastKnownFileType = file.storyboard; name = Base; path = Base.lproj/Main.storyboard; sourceTree = "<group>"; };
		29D508C328F8EF5C00DD3D32 /* Assets.xcassets */ = {isa = PBXFileReference; lastKnownFileType = folder.assetcatalog; path = Assets.xcassets; sourceTree = "<group>"; };
		29D508C628F8EF5C00DD3D32 /* Base */ = {isa = PBXFileReference; lastKnownFileType = file.storyboard; name = Base; path = Base.lproj/LaunchScreen.storyboard; sourceTree = "<group>"; };
		29D508C828F8EF5C00DD3D32 /* Info.plist */ = {isa = PBXFileReference; lastKnownFileType = text.plist.xml; path = Info.plist; sourceTree = "<group>"; };
		29D508CD28F8EF5C00DD3D32 /* BaseTests.xctest */ = {isa = PBXFileReference; explicitFileType = wrapper.cfbundle; includeInIndex = 0; path = BaseTests.xctest; sourceTree = BUILT_PRODUCTS_DIR; };
		29D508D128F8EF5C00DD3D32 /* BaseTests.swift */ = {isa = PBXFileReference; lastKnownFileType = sourcecode.swift; path = BaseTests.swift; sourceTree = "<group>"; };
		29D508D728F8EF5C00DD3D32 /* BaseUITests.xctest */ = {isa = PBXFileReference; explicitFileType = wrapper.cfbundle; includeInIndex = 0; path = BaseUITests.xctest; sourceTree = BUILT_PRODUCTS_DIR; };
		29D508DB28F8EF5C00DD3D32 /* BaseUITests.swift */ = {isa = PBXFileReference; lastKnownFileType = sourcecode.swift; path = BaseUITests.swift; sourceTree = "<group>"; };
		29D508DD28F8EF5C00DD3D32 /* BaseUITestsLaunchTests.swift */ = {isa = PBXFileReference; lastKnownFileType = sourcecode.swift; path = BaseUITestsLaunchTests.swift; sourceTree = "<group>"; };
		29D508F328F8F5C000DD3D32 /* APIInputBase.swift */ = {isa = PBXFileReference; lastKnownFileType = sourcecode.swift; path = APIInputBase.swift; sourceTree = "<group>"; };
		29D508F528F8FA2000DD3D32 /* APIRequest.swift */ = {isa = PBXFileReference; lastKnownFileType = sourcecode.swift; path = APIRequest.swift; sourceTree = "<group>"; };
		29D508FD28F91FAF00DD3D32 /* APIError.swift */ = {isa = PBXFileReference; lastKnownFileType = sourcecode.swift; path = APIError.swift; sourceTree = "<group>"; };
		29D5090A28F94EB900DD3D32 /* Constants.swift */ = {isa = PBXFileReference; lastKnownFileType = sourcecode.swift; path = Constants.swift; sourceTree = "<group>"; };
		29D5090D28F95B4D00DD3D32 /* BaseViewModel.swift */ = {isa = PBXFileReference; lastKnownFileType = sourcecode.swift; path = BaseViewModel.swift; sourceTree = "<group>"; };
		29D5090F28F95B9D00DD3D32 /* BaseViewController.swift */ = {isa = PBXFileReference; lastKnownFileType = sourcecode.swift; path = BaseViewController.swift; sourceTree = "<group>"; };
		29D5091128F95C0400DD3D32 /* BindableType.swift */ = {isa = PBXFileReference; lastKnownFileType = sourcecode.swift; path = BindableType.swift; sourceTree = "<group>"; };
		29D5091F28F960CE00DD3D32 /* Coordinator.swift */ = {isa = PBXFileReference; lastKnownFileType = sourcecode.swift; path = Coordinator.swift; sourceTree = "<group>"; };
		29EFDEEA28F9674D0032CF22 /* AppCoordinator.swift */ = {isa = PBXFileReference; lastKnownFileType = sourcecode.swift; path = AppCoordinator.swift; sourceTree = "<group>"; };
		29EFDEF728FA413A0032CF22 /* en */ = {isa = PBXFileReference; lastKnownFileType = text.plist.strings; name = en; path = en.lproj/Localizable.strings; sourceTree = "<group>"; };
		29EFDEF928FA41640032CF22 /* vi */ = {isa = PBXFileReference; lastKnownFileType = text.plist.strings; name = vi; path = vi.lproj/Main.strings; sourceTree = "<group>"; };
		29EFDEFA28FA41640032CF22 /* vi */ = {isa = PBXFileReference; lastKnownFileType = text.plist.strings; name = vi; path = vi.lproj/LaunchScreen.strings; sourceTree = "<group>"; };
		29EFDEFB28FA41640032CF22 /* vi */ = {isa = PBXFileReference; lastKnownFileType = text.plist.strings; name = vi; path = vi.lproj/Localizable.strings; sourceTree = "<group>"; };
		29EFDF0128FA42670032CF22 /* GeneratedStrings.swift */ = {isa = PBXFileReference; lastKnownFileType = sourcecode.swift; path = GeneratedStrings.swift; sourceTree = "<group>"; };
		29EFDF0328FA42710032CF22 /* GeneratedAssets.swift */ = {isa = PBXFileReference; lastKnownFileType = sourcecode.swift; path = GeneratedAssets.swift; sourceTree = "<group>"; };
		29EFDF0528FA45E20032CF22 /* Swiftgen */ = {isa = PBXFileReference; lastKnownFileType = folder; path = Swiftgen; sourceTree = "<group>"; };
		29EFDF0B28FA53D50032CF22 /* HomeCoordinator.swift */ = {isa = PBXFileReference; lastKnownFileType = sourcecode.swift; path = HomeCoordinator.swift; sourceTree = "<group>"; };
		29EFDF0C28FA53D50032CF22 /* HomeViewController.swift */ = {isa = PBXFileReference; lastKnownFileType = sourcecode.swift; path = HomeViewController.swift; sourceTree = "<group>"; };
		29EFDF0D28FA53D50032CF22 /* HomeModel.swift */ = {isa = PBXFileReference; lastKnownFileType = sourcecode.swift; path = HomeModel.swift; sourceTree = "<group>"; };
		29EFDF0E28FA53D50032CF22 /* HomeViewModel.swift */ = {isa = PBXFileReference; lastKnownFileType = sourcecode.swift; path = HomeViewModel.swift; sourceTree = "<group>"; };
		29EFDF0F28FA53D50032CF22 /* HomeViewController.xib */ = {isa = PBXFileReference; lastKnownFileType = file.xib; path = HomeViewController.xib; sourceTree = "<group>"; };
		29EFDF1528FA541B0032CF22 /* GeoLocationApiRouter.swift */ = {isa = PBXFileReference; lastKnownFileType = sourcecode.swift; path = GeoLocationApiRouter.swift; sourceTree = "<group>"; };
		29F5589B2975455600FE1386 /* SwiftSoupService.swift */ = {isa = PBXFileReference; lastKnownFileType = sourcecode.swift; path = SwiftSoupService.swift; sourceTree = "<group>"; };
		29F5589E29763F7C00FE1386 /* ComicModel.swift */ = {isa = PBXFileReference; lastKnownFileType = sourcecode.swift; path = ComicModel.swift; sourceTree = "<group>"; };
/* End PBXFileReference section */

/* Begin PBXFrameworksBuildPhase section */
		29D508B428F8EF5B00DD3D32 /* Frameworks */ = {
			isa = PBXFrameworksBuildPhase;
			buildActionMask = 2147483647;
			files = (
				297FFD3829795E7500B8AD9A /* SDWebImage in Frameworks */,
				29D508F128F8F0BF00DD3D32 /* Alamofire in Frameworks */,
				29F5589A2975026500FE1386 /* SwiftSoup in Frameworks */,
				29D508EE28F8F09100DD3D32 /* RxSwift in Frameworks */,
				297FFD3129795C1700B8AD9A /* RxDataSources in Frameworks */,
				297FFD3A29795E7500B8AD9A /* SDWebImageMapKit in Frameworks */,
				29D508EC28F8F09100DD3D32 /* RxCocoa in Frameworks */,
				297FFD542979824C00B8AD9A /* MSPeekCollectionViewDelegateImplementation in Frameworks */,
			);
			runOnlyForDeploymentPostprocessing = 0;
		};
		29D508CA28F8EF5C00DD3D32 /* Frameworks */ = {
			isa = PBXFrameworksBuildPhase;
			buildActionMask = 2147483647;
			files = (
			);
			runOnlyForDeploymentPostprocessing = 0;
		};
		29D508D428F8EF5C00DD3D32 /* Frameworks */ = {
			isa = PBXFrameworksBuildPhase;
			buildActionMask = 2147483647;
			files = (
			);
			runOnlyForDeploymentPostprocessing = 0;
		};
/* End PBXFrameworksBuildPhase section */

/* Begin PBXGroup section */
		291E1771293600D200FCAAD9 /* Domain */ = {
			isa = PBXGroup;
			children = (
				291E1773293600F500FCAAD9 /* Repo */,
				291E1772293600EB00FCAAD9 /* UseCase */,
				291E17762936014200FCAAD9 /* RepoFactory.swift */,
			);
			path = Domain;
			sourceTree = "<group>";
		};
		291E1772293600EB00FCAAD9 /* UseCase */ = {
			isa = PBXGroup;
			children = (
				291E1778293601C600FCAAD9 /* GeoUC.swift */,
				291E178B2937353F00FCAAD9 /* TopComicUc.swift */,
			);
			path = UseCase;
			sourceTree = "<group>";
		};
		291E1773293600F500FCAAD9 /* Repo */ = {
			isa = PBXGroup;
			children = (
				291E17742936011100FCAAD9 /* GeoRepo.swift */,
				291E1786293733FB00FCAAD9 /* TopComicRepo.swift */,
			);
			path = Repo;
			sourceTree = "<group>";
		};
		291E17882937350900FCAAD9 /* Extension */ = {
			isa = PBXGroup;
			children = (
				291E17892937351D00FCAAD9 /* ObservableExtension.swift */,
				291E178F293743D400FCAAD9 /* UIColorExtension.swift */,
				291E17912937443C00FCAAD9 /* NibExtension.swift */,
				297FFD4D29796CD200B8AD9A /* UIViewExtension.swift */,
			);
			path = Extension;
			sourceTree = "<group>";
		};
		291E17932937516400FCAAD9 /* HeaderCell */ = {
			isa = PBXGroup;
			children = (
				297905DC2940862A0052F6BE /* HomeHeaderFooterView.xib */,
				297905DE294086800052F6BE /* HomeHeaderFooterView.swift */,
			);
			path = HeaderCell;
			sourceTree = "<group>";
		};
		297FFD3229795DE200B8AD9A /* BaseUIComponent */ = {
			isa = PBXGroup;
			children = (
				297FFD552979A71300B8AD9A /* TabbarHeaderBaseView */,
				297FFD3329795DF700B8AD9A /* ComicBaseView */,
			);
			path = BaseUIComponent;
			sourceTree = "<group>";
		};
		297FFD3329795DF700B8AD9A /* ComicBaseView */ = {
			isa = PBXGroup;
			children = (
				297FFD3429795E2400B8AD9A /* ComicBaseView.xib */,
				297FFD3B29795E9000B8AD9A /* ComicBaseView.swift */,
			);
			path = ComicBaseView;
			sourceTree = "<group>";
		};
		297FFD3D2979644F00B8AD9A /* TableViewCell */ = {
			isa = PBXGroup;
			children = (
				297FFD5F2979C25600B8AD9A /* BannerTableViewCell */,
				297FFD5E2979C1C600B8AD9A /* ComicTableViewCell */,
			);
			path = TableViewCell;
			sourceTree = "<group>";
		};
		297FFD482979675600B8AD9A /* CollectionViewCell */ = {
			isa = PBXGroup;
			children = (
				297FFD642979C53F00B8AD9A /* BannerCollectionViewCell */,
				297FFD5D2979C1AF00B8AD9A /* ComicCollectionViewCell */,
			);
			path = CollectionViewCell;
			sourceTree = "<group>";
		};
		297FFD552979A71300B8AD9A /* TabbarHeaderBaseView */ = {
			isa = PBXGroup;
			children = (
				297FFD562979A74600B8AD9A /* TabbarHeaderBaseView.xib */,
				297FFD582979A7E000B8AD9A /* TabbarHeaderBaseView.swift */,
			);
			path = TabbarHeaderBaseView;
			sourceTree = "<group>";
		};
		297FFD5D2979C1AF00B8AD9A /* ComicCollectionViewCell */ = {
			isa = PBXGroup;
			children = (
				297FFD492979677A00B8AD9A /* ComicCollectionViewCell.swift */,
				297FFD4A2979677A00B8AD9A /* ComicCollectionViewCell.xib */,
			);
			path = ComicCollectionViewCell;
			sourceTree = "<group>";
		};
		297FFD5E2979C1C600B8AD9A /* ComicTableViewCell */ = {
			isa = PBXGroup;
			children = (
				297FFD402979649300B8AD9A /* ComicTableViewCell.swift */,
				297FFD412979649300B8AD9A /* ComicTableViewCell.xib */,
			);
			path = ComicTableViewCell;
			sourceTree = "<group>";
		};
		297FFD5F2979C25600B8AD9A /* BannerTableViewCell */ = {
			isa = PBXGroup;
			children = (
				297FFD602979C29300B8AD9A /* BannerTableViewCell.swift */,
				297FFD612979C29300B8AD9A /* BannerTableViewCell.xib */,
			);
			path = BannerTableViewCell;
			sourceTree = "<group>";
		};
		297FFD642979C53F00B8AD9A /* BannerCollectionViewCell */ = {
			isa = PBXGroup;
			children = (
				297FFD652979C55C00B8AD9A /* BannerCollectionViewCell.swift */,
				297FFD662979C55C00B8AD9A /* BannerCollectionViewCell.xib */,
			);
			path = BannerCollectionViewCell;
			sourceTree = "<group>";
		};
		29D4B81529781BFB00DE1E91 /* Assets */ = {
			isa = PBXGroup;
			children = (
				29D4B81629781C0E00DE1E91 /* Images.xcassets */,
				29D4B81829781C4200DE1E91 /* Colors.xcassets */,
			);
			path = Assets;
			sourceTree = "<group>";
		};
		29D508AE28F8EF5B00DD3D32 = {
			isa = PBXGroup;
			children = (
				29D508B928F8EF5B00DD3D32 /* Base */,
				29D508D028F8EF5C00DD3D32 /* BaseTests */,
				29D508DA28F8EF5C00DD3D32 /* BaseUITests */,
				29D508B828F8EF5B00DD3D32 /* Products */,
			);
			sourceTree = "<group>";
		};
		29D508B828F8EF5B00DD3D32 /* Products */ = {
			isa = PBXGroup;
			children = (
				29D508B728F8EF5B00DD3D32 /* Base.app */,
				29D508CD28F8EF5C00DD3D32 /* BaseTests.xctest */,
				29D508D728F8EF5C00DD3D32 /* BaseUITests.xctest */,
			);
			name = Products;
			sourceTree = "<group>";
		};
		29D508B928F8EF5B00DD3D32 /* Base */ = {
			isa = PBXGroup;
			children = (
				297FFD3229795DE200B8AD9A /* BaseUIComponent */,
				29F5589D29763F5700FE1386 /* Entity */,
				291E17882937350900FCAAD9 /* Extension */,
				291E1771293600D200FCAAD9 /* Domain */,
				29EFDEF128FA408A0032CF22 /* Resources */,
				29EFDEEE28FA3D990032CF22 /* Libs */,
				29D5091328F95D6600DD3D32 /* Scenes */,
				29D5090C28F95AE100DD3D32 /* BaseComponent */,
				29D5090928F94EAB00DD3D32 /* Common */,
				29D508F228F8F59500DD3D32 /* Networking */,
				29D508BA28F8EF5B00DD3D32 /* AppDelegate.swift */,
				29D508BE28F8EF5B00DD3D32 /* ViewController.swift */,
				29D508C028F8EF5B00DD3D32 /* Main.storyboard */,
				29D508C328F8EF5C00DD3D32 /* Assets.xcassets */,
				29D508C528F8EF5C00DD3D32 /* LaunchScreen.storyboard */,
				29D508C828F8EF5C00DD3D32 /* Info.plist */,
				29EFDEEA28F9674D0032CF22 /* AppCoordinator.swift */,
			);
			path = Base;
			sourceTree = "<group>";
		};
		29D508D028F8EF5C00DD3D32 /* BaseTests */ = {
			isa = PBXGroup;
			children = (
				29D508D128F8EF5C00DD3D32 /* BaseTests.swift */,
			);
			path = BaseTests;
			sourceTree = "<group>";
		};
		29D508DA28F8EF5C00DD3D32 /* BaseUITests */ = {
			isa = PBXGroup;
			children = (
				29D508DB28F8EF5C00DD3D32 /* BaseUITests.swift */,
				29D508DD28F8EF5C00DD3D32 /* BaseUITestsLaunchTests.swift */,
			);
			path = BaseUITests;
			sourceTree = "<group>";
		};
		29D508F228F8F59500DD3D32 /* Networking */ = {
			isa = PBXGroup;
			children = (
				29D508FF28F9217400DD3D32 /* ModelTest */,
				29D508F728F9082200DD3D32 /* Router */,
				29D508F328F8F5C000DD3D32 /* APIInputBase.swift */,
				29D508F528F8FA2000DD3D32 /* APIRequest.swift */,
				29D508FD28F91FAF00DD3D32 /* APIError.swift */,
			);
			path = Networking;
			sourceTree = "<group>";
		};
		29D508F728F9082200DD3D32 /* Router */ = {
			isa = PBXGroup;
			children = (
				29EFDF1528FA541B0032CF22 /* GeoLocationApiRouter.swift */,
				291E178D2937362D00FCAAD9 /* TopComicRouter.swift */,
			);
			path = Router;
			sourceTree = "<group>";
		};
		29D508FF28F9217400DD3D32 /* ModelTest */ = {
			isa = PBXGroup;
			children = (
				291E17682935E98D00FCAAD9 /* GeoCoding.swift */,
				291E176A2935EB2E00FCAAD9 /* LocalName.swift */,
				291E177A2936149E00FCAAD9 /* WeatherModel.swift */,
				291E177C2936FE5100FCAAD9 /* WeatherMainAttrModel.swift */,
				291E177E2937018F00FCAAD9 /* CloudsModel.swift */,
				291E17802937025500FCAAD9 /* WindModel.swift */,
				291E17822937037300FCAAD9 /* WeatherInfoModel.swift */,
				291E1784293705A900FCAAD9 /* RainModel.swift */,
			);
			path = ModelTest;
			sourceTree = "<group>";
		};
		29D5090928F94EAB00DD3D32 /* Common */ = {
			isa = PBXGroup;
			children = (
				29D5090A28F94EB900DD3D32 /* Constants.swift */,
				29F5589B2975455600FE1386 /* SwiftSoupService.swift */,
			);
			path = Common;
			sourceTree = "<group>";
		};
		29D5090C28F95AE100DD3D32 /* BaseComponent */ = {
			isa = PBXGroup;
			children = (
				29D5090D28F95B4D00DD3D32 /* BaseViewModel.swift */,
				29D5090F28F95B9D00DD3D32 /* BaseViewController.swift */,
				29D5091128F95C0400DD3D32 /* BindableType.swift */,
				29D5091F28F960CE00DD3D32 /* Coordinator.swift */,
			);
			path = BaseComponent;
			sourceTree = "<group>";
		};
		29D5091328F95D6600DD3D32 /* Scenes */ = {
			isa = PBXGroup;
			children = (
				29EFDF0A28FA53C80032CF22 /* Home */,
			);
			path = Scenes;
			sourceTree = "<group>";
		};
		29EFDEEE28FA3D990032CF22 /* Libs */ = {
			isa = PBXGroup;
			children = (
				29EFDF0528FA45E20032CF22 /* Swiftgen */,
			);
			path = Libs;
			sourceTree = "<group>";
		};
		29EFDEF128FA408A0032CF22 /* Resources */ = {
			isa = PBXGroup;
			children = (
				29D4B81529781BFB00DE1E91 /* Assets */,
				29EFDF0028FA42330032CF22 /* Generated */,
				29EFDEF228FA40EF0032CF22 /* Localize */,
			);
			path = Resources;
			sourceTree = "<group>";
		};
		29EFDEF228FA40EF0032CF22 /* Localize */ = {
			isa = PBXGroup;
			children = (
				29EFDEF828FA413A0032CF22 /* Localizable.strings */,
			);
			path = Localize;
			sourceTree = "<group>";
		};
		29EFDF0028FA42330032CF22 /* Generated */ = {
			isa = PBXGroup;
			children = (
				29EFDF0128FA42670032CF22 /* GeneratedStrings.swift */,
				29EFDF0328FA42710032CF22 /* GeneratedAssets.swift */,
			);
			path = Generated;
			sourceTree = "<group>";
		};
		29EFDF0A28FA53C80032CF22 /* Home */ = {
			isa = PBXGroup;
			children = (
				297FFD482979675600B8AD9A /* CollectionViewCell */,
				297FFD3D2979644F00B8AD9A /* TableViewCell */,
				291E17932937516400FCAAD9 /* HeaderCell */,
				29EFDF0B28FA53D50032CF22 /* HomeCoordinator.swift */,
				29EFDF0C28FA53D50032CF22 /* HomeViewController.swift */,
				29EFDF0D28FA53D50032CF22 /* HomeModel.swift */,
				29EFDF0E28FA53D50032CF22 /* HomeViewModel.swift */,
				29EFDF0F28FA53D50032CF22 /* HomeViewController.xib */,
			);
			path = Home;
			sourceTree = "<group>";
		};
		29F5589D29763F5700FE1386 /* Entity */ = {
			isa = PBXGroup;
			children = (
				29F5589E29763F7C00FE1386 /* ComicModel.swift */,
			);
			path = Entity;
			sourceTree = "<group>";
		};
/* End PBXGroup section */

/* Begin PBXNativeTarget section */
		29D508B628F8EF5B00DD3D32 /* Base */ = {
			isa = PBXNativeTarget;
			buildConfigurationList = 29D508E128F8EF5C00DD3D32 /* Build configuration list for PBXNativeTarget "Base" */;
			buildPhases = (
				29D508B328F8EF5B00DD3D32 /* Sources */,
				29D508B428F8EF5B00DD3D32 /* Frameworks */,
				29D508B528F8EF5B00DD3D32 /* Resources */,
				29EFDF0728FA462A0032CF22 /* SwiftGen */,
			);
			buildRules = (
			);
			dependencies = (
			);
			name = Base;
			packageProductDependencies = (
				29D508EB28F8F09100DD3D32 /* RxCocoa */,
				29D508ED28F8F09100DD3D32 /* RxSwift */,
				29D508F028F8F0BF00DD3D32 /* Alamofire */,
				29F558992975026500FE1386 /* SwiftSoup */,
				297FFD3029795C1700B8AD9A /* RxDataSources */,
				297FFD3729795E7500B8AD9A /* SDWebImage */,
				297FFD3929795E7500B8AD9A /* SDWebImageMapKit */,
				297FFD532979824C00B8AD9A /* MSPeekCollectionViewDelegateImplementation */,
			);
			productName = Base;
			productReference = 29D508B728F8EF5B00DD3D32 /* Base.app */;
			productType = "com.apple.product-type.application";
		};
		29D508CC28F8EF5C00DD3D32 /* BaseTests */ = {
			isa = PBXNativeTarget;
			buildConfigurationList = 29D508E428F8EF5C00DD3D32 /* Build configuration list for PBXNativeTarget "BaseTests" */;
			buildPhases = (
				29D508C928F8EF5C00DD3D32 /* Sources */,
				29D508CA28F8EF5C00DD3D32 /* Frameworks */,
				29D508CB28F8EF5C00DD3D32 /* Resources */,
			);
			buildRules = (
			);
			dependencies = (
				29D508CF28F8EF5C00DD3D32 /* PBXTargetDependency */,
			);
			name = BaseTests;
			productName = BaseTests;
			productReference = 29D508CD28F8EF5C00DD3D32 /* BaseTests.xctest */;
			productType = "com.apple.product-type.bundle.unit-test";
		};
		29D508D628F8EF5C00DD3D32 /* BaseUITests */ = {
			isa = PBXNativeTarget;
			buildConfigurationList = 29D508E728F8EF5C00DD3D32 /* Build configuration list for PBXNativeTarget "BaseUITests" */;
			buildPhases = (
				29D508D328F8EF5C00DD3D32 /* Sources */,
				29D508D428F8EF5C00DD3D32 /* Frameworks */,
				29D508D528F8EF5C00DD3D32 /* Resources */,
			);
			buildRules = (
			);
			dependencies = (
				29D508D928F8EF5C00DD3D32 /* PBXTargetDependency */,
			);
			name = BaseUITests;
			productName = BaseUITests;
			productReference = 29D508D728F8EF5C00DD3D32 /* BaseUITests.xctest */;
			productType = "com.apple.product-type.bundle.ui-testing";
		};
/* End PBXNativeTarget section */

/* Begin PBXProject section */
		29D508AF28F8EF5B00DD3D32 /* Project object */ = {
			isa = PBXProject;
			attributes = {
				BuildIndependentTargetsInParallel = 1;
				LastSwiftUpdateCheck = 1400;
				LastUpgradeCheck = 1400;
				TargetAttributes = {
					29D508B628F8EF5B00DD3D32 = {
						CreatedOnToolsVersion = 14.0.1;
					};
					29D508CC28F8EF5C00DD3D32 = {
						CreatedOnToolsVersion = 14.0.1;
						TestTargetID = 29D508B628F8EF5B00DD3D32;
					};
					29D508D628F8EF5C00DD3D32 = {
						CreatedOnToolsVersion = 14.0.1;
						TestTargetID = 29D508B628F8EF5B00DD3D32;
					};
				};
			};
			buildConfigurationList = 29D508B228F8EF5B00DD3D32 /* Build configuration list for PBXProject "Base" */;
			compatibilityVersion = "Xcode 13.0";
			developmentRegion = en;
			hasScannedForEncodings = 0;
			knownRegions = (
				en,
				Base,
				vi,
			);
			mainGroup = 29D508AE28F8EF5B00DD3D32;
			packageReferences = (
				29D508EA28F8F09100DD3D32 /* XCRemoteSwiftPackageReference "RxSwift" */,
				29D508EF28F8F0BF00DD3D32 /* XCRemoteSwiftPackageReference "Alamofire" */,
				29F558982975026500FE1386 /* XCRemoteSwiftPackageReference "SwiftSoup" */,
				297FFD2F29795C1700B8AD9A /* XCRemoteSwiftPackageReference "RxDataSources" */,
				297FFD3629795E7500B8AD9A /* XCRemoteSwiftPackageReference "SDWebImage" */,
				297FFD522979824C00B8AD9A /* XCRemoteSwiftPackageReference "MSPeekCollectionViewDelegateImplementation" */,
			);
			productRefGroup = 29D508B828F8EF5B00DD3D32 /* Products */;
			projectDirPath = "";
			projectRoot = "";
			targets = (
				29D508B628F8EF5B00DD3D32 /* Base */,
				29D508CC28F8EF5C00DD3D32 /* BaseTests */,
				29D508D628F8EF5C00DD3D32 /* BaseUITests */,
			);
		};
/* End PBXProject section */

/* Begin PBXResourcesBuildPhase section */
		29D508B528F8EF5B00DD3D32 /* Resources */ = {
			isa = PBXResourcesBuildPhase;
			buildActionMask = 2147483647;
			files = (
				29D4B81929781C4200DE1E91 /* Colors.xcassets in Resources */,
				297FFD3529795E2400B8AD9A /* ComicBaseView.xib in Resources */,
				29EFDF0628FA45E20032CF22 /* Swiftgen in Resources */,
				29D4B81729781C0E00DE1E91 /* Images.xcassets in Resources */,
				297FFD682979C55C00B8AD9A /* BannerCollectionViewCell.xib in Resources */,
				297FFD572979A74600B8AD9A /* TabbarHeaderBaseView.xib in Resources */,
				29D508C728F8EF5C00DD3D32 /* LaunchScreen.storyboard in Resources */,
				29EFDEF628FA413A0032CF22 /* Localizable.strings in Resources */,
				297905DD2940862A0052F6BE /* HomeHeaderFooterView.xib in Resources */,
				297FFD432979649300B8AD9A /* ComicTableViewCell.xib in Resources */,
				29EFDF1428FA53D50032CF22 /* HomeViewController.xib in Resources */,
				29D508C428F8EF5C00DD3D32 /* Assets.xcassets in Resources */,
				297FFD4C2979677A00B8AD9A /* ComicCollectionViewCell.xib in Resources */,
				29D508C228F8EF5B00DD3D32 /* Main.storyboard in Resources */,
				297FFD632979C29300B8AD9A /* BannerTableViewCell.xib in Resources */,
			);
			runOnlyForDeploymentPostprocessing = 0;
		};
		29D508CB28F8EF5C00DD3D32 /* Resources */ = {
			isa = PBXResourcesBuildPhase;
			buildActionMask = 2147483647;
			files = (
			);
			runOnlyForDeploymentPostprocessing = 0;
		};
		29D508D528F8EF5C00DD3D32 /* Resources */ = {
			isa = PBXResourcesBuildPhase;
			buildActionMask = 2147483647;
			files = (
			);
			runOnlyForDeploymentPostprocessing = 0;
		};
/* End PBXResourcesBuildPhase section */

/* Begin PBXShellScriptBuildPhase section */
		29EFDF0728FA462A0032CF22 /* SwiftGen */ = {
			isa = PBXShellScriptBuildPhase;
			buildActionMask = 2147483647;
			files = (
			);
			inputFileListPaths = (
			);
			inputPaths = (
			);
			name = SwiftGen;
			outputFileListPaths = (
			);
			outputPaths = (
			);
			runOnlyForDeploymentPostprocessing = 0;
			shellPath = /bin/sh;
			shellScript = "# Type a script or drag a script file from your workspace to insert its path.\ncd \"${PROJECT_DIR}/Base/Libs/Swiftgen/bin\" && ./swiftgen\n";
		};
/* End PBXShellScriptBuildPhase section */

/* Begin PBXSourcesBuildPhase section */
		29D508B328F8EF5B00DD3D32 /* Sources */ = {
			isa = PBXSourcesBuildPhase;
			buildActionMask = 2147483647;
			files = (
				291E1787293733FB00FCAAD9 /* TopComicRepo.swift in Sources */,
				291E17832937037300FCAAD9 /* WeatherInfoModel.swift in Sources */,
				29D508BF28F8EF5B00DD3D32 /* ViewController.swift in Sources */,
				29D508BB28F8EF5B00DD3D32 /* AppDelegate.swift in Sources */,
				297FFD3C29795E9000B8AD9A /* ComicBaseView.swift in Sources */,
				29EFDEEB28F9674D0032CF22 /* AppCoordinator.swift in Sources */,
				29D5091228F95C0400DD3D32 /* BindableType.swift in Sources */,
				29D5091028F95B9D00DD3D32 /* BaseViewController.swift in Sources */,
				29EFDF1628FA541B0032CF22 /* GeoLocationApiRouter.swift in Sources */,
				29EFDF1128FA53D50032CF22 /* HomeViewController.swift in Sources */,
				291E17922937443C00FCAAD9 /* NibExtension.swift in Sources */,
				29F5589F29763F7C00FE1386 /* ComicModel.swift in Sources */,
				297FFD4B2979677A00B8AD9A /* ComicCollectionViewCell.swift in Sources */,
				29EFDF1328FA53D50032CF22 /* HomeViewModel.swift in Sources */,
				29D5092028F960CE00DD3D32 /* Coordinator.swift in Sources */,
				291E177F2937018F00FCAAD9 /* CloudsModel.swift in Sources */,
				291E178E2937362D00FCAAD9 /* TopComicRouter.swift in Sources */,
				29D508F428F8F5C000DD3D32 /* APIInputBase.swift in Sources */,
				297FFD672979C55C00B8AD9A /* BannerCollectionViewCell.swift in Sources */,
				297FFD4E29796CD200B8AD9A /* UIViewExtension.swift in Sources */,
				291E1785293705A900FCAAD9 /* RainModel.swift in Sources */,
				29D5090E28F95B4D00DD3D32 /* BaseViewModel.swift in Sources */,
				29EFDF0228FA42670032CF22 /* GeneratedStrings.swift in Sources */,
				291E1790293743D400FCAAD9 /* UIColorExtension.swift in Sources */,
				29D508F628F8FA2000DD3D32 /* APIRequest.swift in Sources */,
				29F5589C2975455600FE1386 /* SwiftSoupService.swift in Sources */,
				291E178A2937351D00FCAAD9 /* ObservableExtension.swift in Sources */,
				291E178C2937353F00FCAAD9 /* TopComicUc.swift in Sources */,
				291E17692935E98D00FCAAD9 /* GeoCoding.swift in Sources */,
				291E17772936014200FCAAD9 /* RepoFactory.swift in Sources */,
				29EFDF1028FA53D50032CF22 /* HomeCoordinator.swift in Sources */,
				297905DF294086800052F6BE /* HomeHeaderFooterView.swift in Sources */,
				29EFDF1228FA53D50032CF22 /* HomeModel.swift in Sources */,
				297FFD592979A7E000B8AD9A /* TabbarHeaderBaseView.swift in Sources */,
				297FFD622979C29300B8AD9A /* BannerTableViewCell.swift in Sources */,
				29D508FE28F91FAF00DD3D32 /* APIError.swift in Sources */,
				29D5090B28F94EB900DD3D32 /* Constants.swift in Sources */,
				291E1779293601C600FCAAD9 /* GeoUC.swift in Sources */,
				297FFD422979649300B8AD9A /* ComicTableViewCell.swift in Sources */,
				291E17812937025500FCAAD9 /* WindModel.swift in Sources */,
				291E17752936011100FCAAD9 /* GeoRepo.swift in Sources */,
				291E176B2935EB2E00FCAAD9 /* LocalName.swift in Sources */,
				291E177B2936149E00FCAAD9 /* WeatherModel.swift in Sources */,
				29EFDF0428FA42710032CF22 /* GeneratedAssets.swift in Sources */,
				291E177D2936FE5100FCAAD9 /* WeatherMainAttrModel.swift in Sources */,
			);
			runOnlyForDeploymentPostprocessing = 0;
		};
		29D508C928F8EF5C00DD3D32 /* Sources */ = {
			isa = PBXSourcesBuildPhase;
			buildActionMask = 2147483647;
			files = (
				29D508D228F8EF5C00DD3D32 /* BaseTests.swift in Sources */,
			);
			runOnlyForDeploymentPostprocessing = 0;
		};
		29D508D328F8EF5C00DD3D32 /* Sources */ = {
			isa = PBXSourcesBuildPhase;
			buildActionMask = 2147483647;
			files = (
				29D508DC28F8EF5C00DD3D32 /* BaseUITests.swift in Sources */,
				29D508DE28F8EF5C00DD3D32 /* BaseUITestsLaunchTests.swift in Sources */,
			);
			runOnlyForDeploymentPostprocessing = 0;
		};
/* End PBXSourcesBuildPhase section */

/* Begin PBXTargetDependency section */
		29D508CF28F8EF5C00DD3D32 /* PBXTargetDependency */ = {
			isa = PBXTargetDependency;
			target = 29D508B628F8EF5B00DD3D32 /* Base */;
			targetProxy = 29D508CE28F8EF5C00DD3D32 /* PBXContainerItemProxy */;
		};
		29D508D928F8EF5C00DD3D32 /* PBXTargetDependency */ = {
			isa = PBXTargetDependency;
			target = 29D508B628F8EF5B00DD3D32 /* Base */;
			targetProxy = 29D508D828F8EF5C00DD3D32 /* PBXContainerItemProxy */;
		};
/* End PBXTargetDependency section */

/* Begin PBXVariantGroup section */
		29D508C028F8EF5B00DD3D32 /* Main.storyboard */ = {
			isa = PBXVariantGroup;
			children = (
				29D508C128F8EF5B00DD3D32 /* Base */,
				29EFDEF928FA41640032CF22 /* vi */,
			);
			name = Main.storyboard;
			sourceTree = "<group>";
		};
		29D508C528F8EF5C00DD3D32 /* LaunchScreen.storyboard */ = {
			isa = PBXVariantGroup;
			children = (
				29D508C628F8EF5C00DD3D32 /* Base */,
				29EFDEFA28FA41640032CF22 /* vi */,
			);
			name = LaunchScreen.storyboard;
			sourceTree = "<group>";
		};
		29EFDEF828FA413A0032CF22 /* Localizable.strings */ = {
			isa = PBXVariantGroup;
			children = (
				29EFDEF728FA413A0032CF22 /* en */,
				29EFDEFB28FA41640032CF22 /* vi */,
			);
			name = Localizable.strings;
			sourceTree = "<group>";
		};
/* End PBXVariantGroup section */

/* Begin XCBuildConfiguration section */
		29D508DF28F8EF5C00DD3D32 /* Debug */ = {
			isa = XCBuildConfiguration;
			buildSettings = {
				ALWAYS_SEARCH_USER_PATHS = NO;
				CLANG_ANALYZER_LOCALIZABILITY_NONLOCALIZED = YES;
				CLANG_ANALYZER_NONNULL = YES;
				CLANG_ANALYZER_NUMBER_OBJECT_CONVERSION = YES_AGGRESSIVE;
				CLANG_CXX_LANGUAGE_STANDARD = "gnu++20";
				CLANG_ENABLE_MODULES = YES;
				CLANG_ENABLE_OBJC_ARC = YES;
				CLANG_ENABLE_OBJC_WEAK = YES;
				CLANG_WARN_BLOCK_CAPTURE_AUTORELEASING = YES;
				CLANG_WARN_BOOL_CONVERSION = YES;
				CLANG_WARN_COMMA = YES;
				CLANG_WARN_CONSTANT_CONVERSION = YES;
				CLANG_WARN_DEPRECATED_OBJC_IMPLEMENTATIONS = YES;
				CLANG_WARN_DIRECT_OBJC_ISA_USAGE = YES_ERROR;
				CLANG_WARN_DOCUMENTATION_COMMENTS = YES;
				CLANG_WARN_EMPTY_BODY = YES;
				CLANG_WARN_ENUM_CONVERSION = YES;
				CLANG_WARN_INFINITE_RECURSION = YES;
				CLANG_WARN_INT_CONVERSION = YES;
				CLANG_WARN_NON_LITERAL_NULL_CONVERSION = YES;
				CLANG_WARN_OBJC_IMPLICIT_RETAIN_SELF = YES;
				CLANG_WARN_OBJC_LITERAL_CONVERSION = YES;
				CLANG_WARN_OBJC_ROOT_CLASS = YES_ERROR;
				CLANG_WARN_QUOTED_INCLUDE_IN_FRAMEWORK_HEADER = YES;
				CLANG_WARN_RANGE_LOOP_ANALYSIS = YES;
				CLANG_WARN_STRICT_PROTOTYPES = YES;
				CLANG_WARN_SUSPICIOUS_MOVE = YES;
				CLANG_WARN_UNGUARDED_AVAILABILITY = YES_AGGRESSIVE;
				CLANG_WARN_UNREACHABLE_CODE = YES;
				CLANG_WARN__DUPLICATE_METHOD_MATCH = YES;
				COPY_PHASE_STRIP = NO;
				DEBUG_INFORMATION_FORMAT = dwarf;
				ENABLE_STRICT_OBJC_MSGSEND = YES;
				ENABLE_TESTABILITY = YES;
				GCC_C_LANGUAGE_STANDARD = gnu11;
				GCC_DYNAMIC_NO_PIC = NO;
				GCC_NO_COMMON_BLOCKS = YES;
				GCC_OPTIMIZATION_LEVEL = 0;
				GCC_PREPROCESSOR_DEFINITIONS = (
					"DEBUG=1",
					"$(inherited)",
				);
				GCC_WARN_64_TO_32_BIT_CONVERSION = YES;
				GCC_WARN_ABOUT_RETURN_TYPE = YES_ERROR;
				GCC_WARN_UNDECLARED_SELECTOR = YES;
				GCC_WARN_UNINITIALIZED_AUTOS = YES_AGGRESSIVE;
				GCC_WARN_UNUSED_FUNCTION = YES;
				GCC_WARN_UNUSED_VARIABLE = YES;
				IPHONEOS_DEPLOYMENT_TARGET = 12.3;
				MTL_ENABLE_DEBUG_INFO = INCLUDE_SOURCE;
				MTL_FAST_MATH = YES;
				ONLY_ACTIVE_ARCH = YES;
				SDKROOT = iphoneos;
				SWIFT_ACTIVE_COMPILATION_CONDITIONS = DEBUG;
				SWIFT_OPTIMIZATION_LEVEL = "-Onone";
			};
			name = Debug;
		};
		29D508E028F8EF5C00DD3D32 /* Release */ = {
			isa = XCBuildConfiguration;
			buildSettings = {
				ALWAYS_SEARCH_USER_PATHS = NO;
				CLANG_ANALYZER_LOCALIZABILITY_NONLOCALIZED = YES;
				CLANG_ANALYZER_NONNULL = YES;
				CLANG_ANALYZER_NUMBER_OBJECT_CONVERSION = YES_AGGRESSIVE;
				CLANG_CXX_LANGUAGE_STANDARD = "gnu++20";
				CLANG_ENABLE_MODULES = YES;
				CLANG_ENABLE_OBJC_ARC = YES;
				CLANG_ENABLE_OBJC_WEAK = YES;
				CLANG_WARN_BLOCK_CAPTURE_AUTORELEASING = YES;
				CLANG_WARN_BOOL_CONVERSION = YES;
				CLANG_WARN_COMMA = YES;
				CLANG_WARN_CONSTANT_CONVERSION = YES;
				CLANG_WARN_DEPRECATED_OBJC_IMPLEMENTATIONS = YES;
				CLANG_WARN_DIRECT_OBJC_ISA_USAGE = YES_ERROR;
				CLANG_WARN_DOCUMENTATION_COMMENTS = YES;
				CLANG_WARN_EMPTY_BODY = YES;
				CLANG_WARN_ENUM_CONVERSION = YES;
				CLANG_WARN_INFINITE_RECURSION = YES;
				CLANG_WARN_INT_CONVERSION = YES;
				CLANG_WARN_NON_LITERAL_NULL_CONVERSION = YES;
				CLANG_WARN_OBJC_IMPLICIT_RETAIN_SELF = YES;
				CLANG_WARN_OBJC_LITERAL_CONVERSION = YES;
				CLANG_WARN_OBJC_ROOT_CLASS = YES_ERROR;
				CLANG_WARN_QUOTED_INCLUDE_IN_FRAMEWORK_HEADER = YES;
				CLANG_WARN_RANGE_LOOP_ANALYSIS = YES;
				CLANG_WARN_STRICT_PROTOTYPES = YES;
				CLANG_WARN_SUSPICIOUS_MOVE = YES;
				CLANG_WARN_UNGUARDED_AVAILABILITY = YES_AGGRESSIVE;
				CLANG_WARN_UNREACHABLE_CODE = YES;
				CLANG_WARN__DUPLICATE_METHOD_MATCH = YES;
				COPY_PHASE_STRIP = NO;
				DEBUG_INFORMATION_FORMAT = "dwarf-with-dsym";
				ENABLE_NS_ASSERTIONS = NO;
				ENABLE_STRICT_OBJC_MSGSEND = YES;
				GCC_C_LANGUAGE_STANDARD = gnu11;
				GCC_NO_COMMON_BLOCKS = YES;
				GCC_WARN_64_TO_32_BIT_CONVERSION = YES;
				GCC_WARN_ABOUT_RETURN_TYPE = YES_ERROR;
				GCC_WARN_UNDECLARED_SELECTOR = YES;
				GCC_WARN_UNINITIALIZED_AUTOS = YES_AGGRESSIVE;
				GCC_WARN_UNUSED_FUNCTION = YES;
				GCC_WARN_UNUSED_VARIABLE = YES;
				IPHONEOS_DEPLOYMENT_TARGET = 12.3;
				MTL_ENABLE_DEBUG_INFO = NO;
				MTL_FAST_MATH = YES;
				SDKROOT = iphoneos;
				SWIFT_COMPILATION_MODE = wholemodule;
				SWIFT_OPTIMIZATION_LEVEL = "-O";
				VALIDATE_PRODUCT = YES;
			};
			name = Release;
		};
		29D508E228F8EF5C00DD3D32 /* Debug */ = {
			isa = XCBuildConfiguration;
			buildSettings = {
				ASSETCATALOG_COMPILER_APPICON_NAME = AppIcon;
				ASSETCATALOG_COMPILER_GLOBAL_ACCENT_COLOR_NAME = AccentColor;
				CODE_SIGN_STYLE = Automatic;
				CURRENT_PROJECT_VERSION = 1;
				GENERATE_INFOPLIST_FILE = YES;
				INFOPLIST_FILE = Base/Info.plist;
				INFOPLIST_KEY_UIApplicationSupportsIndirectInputEvents = YES;
				INFOPLIST_KEY_UILaunchStoryboardName = LaunchScreen;
				INFOPLIST_KEY_UIMainStoryboardFile = Main;
				INFOPLIST_KEY_UISupportedInterfaceOrientations_iPad = "UIInterfaceOrientationPortrait UIInterfaceOrientationPortraitUpsideDown UIInterfaceOrientationLandscapeLeft UIInterfaceOrientationLandscapeRight";
				INFOPLIST_KEY_UISupportedInterfaceOrientations_iPhone = "UIInterfaceOrientationPortrait UIInterfaceOrientationLandscapeLeft UIInterfaceOrientationLandscapeRight";
				LD_RUNPATH_SEARCH_PATHS = (
					"$(inherited)",
					"@executable_path/Frameworks",
				);
				MARKETING_VERSION = 1.0;
				PRODUCT_BUNDLE_IDENTIFIER = com.Base;
				PRODUCT_NAME = "$(TARGET_NAME)";
				SWIFT_EMIT_LOC_STRINGS = YES;
				SWIFT_VERSION = 5.0;
				TARGETED_DEVICE_FAMILY = "1,2";
			};
			name = Debug;
		};
		29D508E328F8EF5C00DD3D32 /* Release */ = {
			isa = XCBuildConfiguration;
			buildSettings = {
				ASSETCATALOG_COMPILER_APPICON_NAME = AppIcon;
				ASSETCATALOG_COMPILER_GLOBAL_ACCENT_COLOR_NAME = AccentColor;
				CODE_SIGN_STYLE = Automatic;
				CURRENT_PROJECT_VERSION = 1;
				GENERATE_INFOPLIST_FILE = YES;
				INFOPLIST_FILE = Base/Info.plist;
				INFOPLIST_KEY_UIApplicationSupportsIndirectInputEvents = YES;
				INFOPLIST_KEY_UILaunchStoryboardName = LaunchScreen;
				INFOPLIST_KEY_UIMainStoryboardFile = Main;
				INFOPLIST_KEY_UISupportedInterfaceOrientations_iPad = "UIInterfaceOrientationPortrait UIInterfaceOrientationPortraitUpsideDown UIInterfaceOrientationLandscapeLeft UIInterfaceOrientationLandscapeRight";
				INFOPLIST_KEY_UISupportedInterfaceOrientations_iPhone = "UIInterfaceOrientationPortrait UIInterfaceOrientationLandscapeLeft UIInterfaceOrientationLandscapeRight";
				LD_RUNPATH_SEARCH_PATHS = (
					"$(inherited)",
					"@executable_path/Frameworks",
				);
				MARKETING_VERSION = 1.0;
				PRODUCT_BUNDLE_IDENTIFIER = com.Base;
				PRODUCT_NAME = "$(TARGET_NAME)";
				SWIFT_EMIT_LOC_STRINGS = YES;
				SWIFT_VERSION = 5.0;
				TARGETED_DEVICE_FAMILY = "1,2";
			};
			name = Release;
		};
		29D508E528F8EF5C00DD3D32 /* Debug */ = {
			isa = XCBuildConfiguration;
			buildSettings = {
				ALWAYS_EMBED_SWIFT_STANDARD_LIBRARIES = YES;
				BUNDLE_LOADER = "$(TEST_HOST)";
				CODE_SIGN_STYLE = Automatic;
				CURRENT_PROJECT_VERSION = 1;
				GENERATE_INFOPLIST_FILE = YES;
				IPHONEOS_DEPLOYMENT_TARGET = 16.0;
				MARKETING_VERSION = 1.0;
				PRODUCT_BUNDLE_IDENTIFIER = com.BaseTests;
				PRODUCT_NAME = "$(TARGET_NAME)";
				SWIFT_EMIT_LOC_STRINGS = NO;
				SWIFT_VERSION = 5.0;
				TARGETED_DEVICE_FAMILY = "1,2";
				TEST_HOST = "$(BUILT_PRODUCTS_DIR)/Base.app/$(BUNDLE_EXECUTABLE_FOLDER_PATH)/Base";
			};
			name = Debug;
		};
		29D508E628F8EF5C00DD3D32 /* Release */ = {
			isa = XCBuildConfiguration;
			buildSettings = {
				ALWAYS_EMBED_SWIFT_STANDARD_LIBRARIES = YES;
				BUNDLE_LOADER = "$(TEST_HOST)";
				CODE_SIGN_STYLE = Automatic;
				CURRENT_PROJECT_VERSION = 1;
				GENERATE_INFOPLIST_FILE = YES;
				IPHONEOS_DEPLOYMENT_TARGET = 16.0;
				MARKETING_VERSION = 1.0;
				PRODUCT_BUNDLE_IDENTIFIER = com.BaseTests;
				PRODUCT_NAME = "$(TARGET_NAME)";
				SWIFT_EMIT_LOC_STRINGS = NO;
				SWIFT_VERSION = 5.0;
				TARGETED_DEVICE_FAMILY = "1,2";
				TEST_HOST = "$(BUILT_PRODUCTS_DIR)/Base.app/$(BUNDLE_EXECUTABLE_FOLDER_PATH)/Base";
			};
			name = Release;
		};
		29D508E828F8EF5C00DD3D32 /* Debug */ = {
			isa = XCBuildConfiguration;
			buildSettings = {
				ALWAYS_EMBED_SWIFT_STANDARD_LIBRARIES = YES;
				CODE_SIGN_STYLE = Automatic;
				CURRENT_PROJECT_VERSION = 1;
				GENERATE_INFOPLIST_FILE = YES;
				MARKETING_VERSION = 1.0;
				PRODUCT_BUNDLE_IDENTIFIER = com.BaseUITests;
				PRODUCT_NAME = "$(TARGET_NAME)";
				SWIFT_EMIT_LOC_STRINGS = NO;
				SWIFT_VERSION = 5.0;
				TARGETED_DEVICE_FAMILY = "1,2";
				TEST_TARGET_NAME = Base;
			};
			name = Debug;
		};
		29D508E928F8EF5C00DD3D32 /* Release */ = {
			isa = XCBuildConfiguration;
			buildSettings = {
				ALWAYS_EMBED_SWIFT_STANDARD_LIBRARIES = YES;
				CODE_SIGN_STYLE = Automatic;
				CURRENT_PROJECT_VERSION = 1;
				GENERATE_INFOPLIST_FILE = YES;
				MARKETING_VERSION = 1.0;
				PRODUCT_BUNDLE_IDENTIFIER = com.BaseUITests;
				PRODUCT_NAME = "$(TARGET_NAME)";
				SWIFT_EMIT_LOC_STRINGS = NO;
				SWIFT_VERSION = 5.0;
				TARGETED_DEVICE_FAMILY = "1,2";
				TEST_TARGET_NAME = Base;
			};
			name = Release;
		};
/* End XCBuildConfiguration section */

/* Begin XCConfigurationList section */
		29D508B228F8EF5B00DD3D32 /* Build configuration list for PBXProject "Base" */ = {
			isa = XCConfigurationList;
			buildConfigurations = (
				29D508DF28F8EF5C00DD3D32 /* Debug */,
				29D508E028F8EF5C00DD3D32 /* Release */,
			);
			defaultConfigurationIsVisible = 0;
			defaultConfigurationName = Release;
		};
		29D508E128F8EF5C00DD3D32 /* Build configuration list for PBXNativeTarget "Base" */ = {
			isa = XCConfigurationList;
			buildConfigurations = (
				29D508E228F8EF5C00DD3D32 /* Debug */,
				29D508E328F8EF5C00DD3D32 /* Release */,
			);
			defaultConfigurationIsVisible = 0;
			defaultConfigurationName = Release;
		};
		29D508E428F8EF5C00DD3D32 /* Build configuration list for PBXNativeTarget "BaseTests" */ = {
			isa = XCConfigurationList;
			buildConfigurations = (
				29D508E528F8EF5C00DD3D32 /* Debug */,
				29D508E628F8EF5C00DD3D32 /* Release */,
			);
			defaultConfigurationIsVisible = 0;
			defaultConfigurationName = Release;
		};
		29D508E728F8EF5C00DD3D32 /* Build configuration list for PBXNativeTarget "BaseUITests" */ = {
			isa = XCConfigurationList;
			buildConfigurations = (
				29D508E828F8EF5C00DD3D32 /* Debug */,
				29D508E928F8EF5C00DD3D32 /* Release */,
			);
			defaultConfigurationIsVisible = 0;
			defaultConfigurationName = Release;
		};
/* End XCConfigurationList section */

/* Begin XCRemoteSwiftPackageReference section */
		297FFD2F29795C1700B8AD9A /* XCRemoteSwiftPackageReference "RxDataSources" */ = {
			isa = XCRemoteSwiftPackageReference;
			repositoryURL = "https://github.com/RxSwiftCommunity/RxDataSources.git";
			requirement = {
				branch = main;
				kind = branch;
			};
		};
		297FFD3629795E7500B8AD9A /* XCRemoteSwiftPackageReference "SDWebImage" */ = {
			isa = XCRemoteSwiftPackageReference;
			repositoryURL = "https://github.com/SDWebImage/SDWebImage.git";
			requirement = {
				kind = upToNextMajorVersion;
				minimumVersion = 5.0.0;
			};
		};
		297FFD522979824C00B8AD9A /* XCRemoteSwiftPackageReference "MSPeekCollectionViewDelegateImplementation" */ = {
			isa = XCRemoteSwiftPackageReference;
			repositoryURL = "https://github.com/MaherKSantina/MSPeekCollectionViewDelegateImplementation.git";
			requirement = {
				kind = upToNextMajorVersion;
				minimumVersion = 3.0.0;
			};
		};
		29D508EA28F8F09100DD3D32 /* XCRemoteSwiftPackageReference "RxSwift" */ = {
			isa = XCRemoteSwiftPackageReference;
			repositoryURL = "https://github.com/ReactiveX/RxSwift.git";
			requirement = {
				kind = upToNextMajorVersion;
				minimumVersion = 6.0.0;
			};
		};
		29D508EF28F8F0BF00DD3D32 /* XCRemoteSwiftPackageReference "Alamofire" */ = {
			isa = XCRemoteSwiftPackageReference;
			repositoryURL = "https://github.com/Alamofire/Alamofire.git";
			requirement = {
				kind = upToNextMajorVersion;
				minimumVersion = 5.0.0;
			};
		};
		29F558982975026500FE1386 /* XCRemoteSwiftPackageReference "SwiftSoup" */ = {
			isa = XCRemoteSwiftPackageReference;
			repositoryURL = "https://github.com/scinfu/SwiftSoup.git";
			requirement = {
				kind = upToNextMajorVersion;
				minimumVersion = 2.0.0;
			};
		};
/* End XCRemoteSwiftPackageReference section */

/* Begin XCSwiftPackageProductDependency section */
		297FFD3029795C1700B8AD9A /* RxDataSources */ = {
			isa = XCSwiftPackageProductDependency;
			package = 297FFD2F29795C1700B8AD9A /* XCRemoteSwiftPackageReference "RxDataSources" */;
			productName = RxDataSources;
		};
		297FFD3729795E7500B8AD9A /* SDWebImage */ = {
			isa = XCSwiftPackageProductDependency;
			package = 297FFD3629795E7500B8AD9A /* XCRemoteSwiftPackageReference "SDWebImage" */;
			productName = SDWebImage;
		};
		297FFD3929795E7500B8AD9A /* SDWebImageMapKit */ = {
			isa = XCSwiftPackageProductDependency;
			package = 297FFD3629795E7500B8AD9A /* XCRemoteSwiftPackageReference "SDWebImage" */;
			productName = SDWebImageMapKit;
		};
		297FFD532979824C00B8AD9A /* MSPeekCollectionViewDelegateImplementation */ = {
			isa = XCSwiftPackageProductDependency;
			package = 297FFD522979824C00B8AD9A /* XCRemoteSwiftPackageReference "MSPeekCollectionViewDelegateImplementation" */;
			productName = MSPeekCollectionViewDelegateImplementation;
		};
		29D508EB28F8F09100DD3D32 /* RxCocoa */ = {
			isa = XCSwiftPackageProductDependency;
			package = 29D508EA28F8F09100DD3D32 /* XCRemoteSwiftPackageReference "RxSwift" */;
			productName = RxCocoa;
		};
		29D508ED28F8F09100DD3D32 /* RxSwift */ = {
			isa = XCSwiftPackageProductDependency;
			package = 29D508EA28F8F09100DD3D32 /* XCRemoteSwiftPackageReference "RxSwift" */;
			productName = RxSwift;
		};
		29D508F028F8F0BF00DD3D32 /* Alamofire */ = {
			isa = XCSwiftPackageProductDependency;
			package = 29D508EF28F8F0BF00DD3D32 /* XCRemoteSwiftPackageReference "Alamofire" */;
			productName = Alamofire;
		};
		29F558992975026500FE1386 /* SwiftSoup */ = {
			isa = XCSwiftPackageProductDependency;
			package = 29F558982975026500FE1386 /* XCRemoteSwiftPackageReference "SwiftSoup" */;
			productName = SwiftSoup;
		};
/* End XCSwiftPackageProductDependency section */
	};
	rootObject = 29D508AF28F8EF5B00DD3D32 /* Project object */;
}
